
Microsoft Visual Studio Solution File, Format Version 12.00
# Visual Studio Version 16
VisualStudioVersion = 16.0.31321.278
MinimumVisualStudioVersion = 10.0.40219.1
Project("{FAE04EC0-301F-11D3-BF4B-00C04F79EFBC}") = "ClienteTCP", "ClienteTCP\ClienteTCP.csproj", "{B62A783D-811C-451F-AE7C-962F4843DA6F}"
EndProject
Project("{FAE04EC0-301F-11D3-BF4B-00C04F79EFBC}") = "Red", "Red\Red.csproj", "{21DC0D8D-DBED-4DDC-B04A-23DDE35841D9}"
EndProject
Global
	GlobalSection(SolutionConfigurationPlatforms) = preSolution
		Debug|Any CPU = Debug|Any CPU
		Release|Any CPU = Release|Any CPU
	EndGlobalSection
	GlobalSection(ProjectConfigurationPlatforms) = postSolution
		{B62A783D-811C-451F-AE7C-962F4843DA6F}.Debug|Any CPU.ActiveCfg = Debug|Any CPU
		{B62A783D-811C-451F-AE7C-962F4843DA6F}.Debug|Any CPU.Build.0 = Debug|Any CPU
		{B62A783D-811C-451F-AE7C-962F4843DA6F}.Release|Any CPU.ActiveCfg = Release|Any CPU
		{B62A783D-811C-451F-AE7C-962F4843DA6F}.Release|Any CPU.Build.0 = Release|Any CPU
		{21DC0D8D-DBED-4DDC-B04A-23DDE35841D9}.Debug|Any CPU.ActiveCfg = Debug|Any CPU
		{21DC0D8D-DBED-4DDC-B04A-23DDE35841D9}.Debug|Any CPU.Build.0 = Debug|Any CPU
		{21DC0D8D-DBED-4DDC-B04A-23DDE35841D9}.Release|Any CPU.ActiveCfg = Release|Any CPU
		{21DC0D8D-DBED-4DDC-B04A-23DDE35841D9}.Release|Any CPU.Build.0 = Release|Any CPU
	EndGlobalSection
	GlobalSection(SolutionProperties) = preSolution
		HideSolutionNode = FALSE
	EndGlobalSection
	GlobalSection(ExtensibilityGlobals) = postSolution
		SolutionGuid = {6F0FCCC8-07BD-40B2-8D4A-00E6044C2EEC}
	EndGlobalSection
EndGlobal
