
Microsoft Visual Studio Solution File, Format Version 12.00
# Visual Studio Version 17
VisualStudioVersion = 17.3.32901.215
MinimumVisualStudioVersion = 10.0.40219.1
Project("{FAE04EC0-301F-11D3-BF4B-00C04F79EFBC}") = "Herencia", "Herencia.csproj", "{D2358336-D5A5-474E-A78C-5F46F0AF6257}"
EndProject
Global
	GlobalSection(SolutionConfigurationPlatforms) = preSolution
		Debug|Any CPU = Debug|Any CPU
		Release|Any CPU = Release|Any CPU
	EndGlobalSection
	GlobalSection(ProjectConfigurationPlatforms) = postSolution
		{D2358336-D5A5-474E-A78C-5F46F0AF6257}.Debug|Any CPU.ActiveCfg = Debug|Any CPU
		{D2358336-D5A5-474E-A78C-5F46F0AF6257}.Debug|Any CPU.Build.0 = Debug|Any CPU
		{D2358336-D5A5-474E-A78C-5F46F0AF6257}.Release|Any CPU.ActiveCfg = Release|Any CPU
		{D2358336-D5A5-474E-A78C-5F46F0AF6257}.Release|Any CPU.Build.0 = Release|Any CPU
	EndGlobalSection
	GlobalSection(SolutionProperties) = preSolution
		HideSolutionNode = FALSE
	EndGlobalSection
	GlobalSection(ExtensibilityGlobals) = postSolution
		SolutionGuid = {E642DA25-FB0E-4B5D-97B8-2D9BDFC6ADC5}
	EndGlobalSection
EndGlobal
