
Microsoft Visual Studio Solution File, Format Version 12.00
# Visual Studio 15
VisualStudioVersion = 15.0.28307.1433
MinimumVisualStudioVersion = 10.0.40219.1
Project("{FAE04EC0-301F-11D3-BF4B-00C04F79EFBC}") = "WindowsFormsApp2", "WindowsFormsApp2\WindowsFormsApp2.csproj", "{8A81F347-E7F5-41A0-A953-2323BCD16032}"
EndProject
Project("{FAE04EC0-301F-11D3-BF4B-00C04F79EFBC}") = "Musica", "Musica\Musica.csproj", "{566FEB12-9F49-435B-AAE7-DF0833C2001A}"
EndProject
Global
	GlobalSection(SolutionConfigurationPlatforms) = preSolution
		Debug|Any CPU = Debug|Any CPU
		Release|Any CPU = Release|Any CPU
	EndGlobalSection
	GlobalSection(ProjectConfigurationPlatforms) = postSolution
		{8A81F347-E7F5-41A0-A953-2323BCD16032}.Debug|Any CPU.ActiveCfg = Debug|Any CPU
		{8A81F347-E7F5-41A0-A953-2323BCD16032}.Debug|Any CPU.Build.0 = Debug|Any CPU
		{8A81F347-E7F5-41A0-A953-2323BCD16032}.Release|Any CPU.ActiveCfg = Release|Any CPU
		{8A81F347-E7F5-41A0-A953-2323BCD16032}.Release|Any CPU.Build.0 = Release|Any CPU
		{566FEB12-9F49-435B-AAE7-DF0833C2001A}.Debug|Any CPU.ActiveCfg = Debug|Any CPU
		{566FEB12-9F49-435B-AAE7-DF0833C2001A}.Debug|Any CPU.Build.0 = Debug|Any CPU
		{566FEB12-9F49-435B-AAE7-DF0833C2001A}.Release|Any CPU.ActiveCfg = Release|Any CPU
		{566FEB12-9F49-435B-AAE7-DF0833C2001A}.Release|Any CPU.Build.0 = Release|Any CPU
	EndGlobalSection
	GlobalSection(SolutionProperties) = preSolution
		HideSolutionNode = FALSE
	EndGlobalSection
	GlobalSection(ExtensibilityGlobals) = postSolution
		SolutionGuid = {3D2B881E-66DC-4282-BDDC-31AEE6869DF9}
	EndGlobalSection
EndGlobal
